// !$*UTF8*$!
{
	archiveVersion = 1;
	classes = {
	};
	objectVersion = 46;
	objects = {

/* Begin PBXBuildFile section */
		125054AD1CCE88C3001DEE7B /* AppDelegate.swift in Sources */ = {isa = PBXBuildFile; fileRef = 125054AC1CCE88C3001DEE7B /* AppDelegate.swift */; };
		125054AF1CCE88C3001DEE7B /* ViewController.swift in Sources */ = {isa = PBXBuildFile; fileRef = 125054AE1CCE88C3001DEE7B /* ViewController.swift */; };
		125054B21CCE88C3001DEE7B /* Main.storyboard in Resources */ = {isa = PBXBuildFile; fileRef = 125054B01CCE88C3001DEE7B /* Main.storyboard */; };
		125054B41CCE88C3001DEE7B /* Assets.xcassets in Resources */ = {isa = PBXBuildFile; fileRef = 125054B31CCE88C3001DEE7B /* Assets.xcassets */; };
		125054B71CCE88C3001DEE7B /* LaunchScreen.storyboard in Resources */ = {isa = PBXBuildFile; fileRef = 125054B51CCE88C3001DEE7B /* LaunchScreen.storyboard */; };
		125054C21CCE88C3001DEE7B /* GitHub3Tests.swift in Sources */ = {isa = PBXBuildFile; fileRef = 125054C11CCE88C3001DEE7B /* GitHub3Tests.swift */; };
		125054CD1CCE88C3001DEE7B /* GitHub3UITests.swift in Sources */ = {isa = PBXBuildFile; fileRef = 125054CC1CCE88C3001DEE7B /* GitHub3UITests.swift */; };
/* End PBXBuildFile section */

/* Begin PBXContainerItemProxy section */
		125054BE1CCE88C3001DEE7B /* PBXContainerItemProxy */ = {
			isa = PBXContainerItemProxy;
			containerPortal = 125054A11CCE88C3001DEE7B /* Project object */;
			proxyType = 1;
			remoteGlobalIDString = 125054A81CCE88C3001DEE7B;
			remoteInfo = GitHub3;
		};
		125054C91CCE88C3001DEE7B /* PBXContainerItemProxy */ = {
			isa = PBXContainerItemProxy;
			containerPortal = 125054A11CCE88C3001DEE7B /* Project object */;
			proxyType = 1;
			remoteGlobalIDString = 125054A81CCE88C3001DEE7B;
			remoteInfo = GitHub3;
		};
/* End PBXContainerItemProxy section */

/* Begin PBXFileReference section */
		125054A91CCE88C3001DEE7B /* GitHub3.app */ = {isa = PBXFileReference; explicitFileType = wrapper.application; includeInIndex = 0; path = GitHub3.app; sourceTree = BUILT_PRODUCTS_DIR; };
		125054AC1CCE88C3001DEE7B /* AppDelegate.swift */ = {isa = PBXFileReference; lastKnownFileType = sourcecode.swift; path = AppDelegate.swift; sourceTree = "<group>"; };
		125054AE1CCE88C3001DEE7B /* ViewController.swift */ = {isa = PBXFileReference; lastKnownFileType = sourcecode.swift; path = ViewController.swift; sourceTree = "<group>"; };
		125054B11CCE88C3001DEE7B /* Base */ = {isa = PBXFileReference; lastKnownFileType = file.storyboard; name = Base; path = Base.lproj/Main.storyboard; sourceTree = "<group>"; };
		125054B31CCE88C3001DEE7B /* Assets.xcassets */ = {isa = PBXFileReference; lastKnownFileType = folder.assetcatalog; path = Assets.xcassets; sourceTree = "<group>"; };
		125054B61CCE88C3001DEE7B /* Base */ = {isa = PBXFileReference; lastKnownFileType = file.storyboard; name = Base; path = Base.lproj/LaunchScreen.storyboard; sourceTree = "<group>"; };
		125054B81CCE88C3001DEE7B /* Info.plist */ = {isa = PBXFileReference; lastKnownFileType = text.plist.xml; path = Info.plist; sourceTree = "<group>"; };
		125054BD1CCE88C3001DEE7B /* GitHub3Tests.xctest */ = {isa = PBXFileReference; explicitFileType = wrapper.cfbundle; includeInIndex = 0; path = GitHub3Tests.xctest; sourceTree = BUILT_PRODUCTS_DIR; };
		125054C11CCE88C3001DEE7B /* GitHub3Tests.swift */ = {isa = PBXFileReference; lastKnownFileType = sourcecode.swift; path = GitHub3Tests.swift; sourceTree = "<group>"; };
		125054C31CCE88C3001DEE7B /* Info.plist */ = {isa = PBXFileReference; lastKnownFileType = text.plist.xml; path = Info.plist; sourceTree = "<group>"; };
		125054C81CCE88C3001DEE7B /* GitHub3UITests.xctest */ = {isa = PBXFileReference; explicitFileType = wrapper.cfbundle; includeInIndex = 0; path = GitHub3UITests.xctest; sourceTree = BUILT_PRODUCTS_DIR; };
		125054CC1CCE88C3001DEE7B /* GitHub3UITests.swift */ = {isa = PBXFileReference; lastKnownFileType = sourcecode.swift; path = GitHub3UITests.swift; sourceTree = "<group>"; };
		125054CE1CCE88C3001DEE7B /* Info.plist */ = {isa = PBXFileReference; lastKnownFileType = text.plist.xml; path = Info.plist; sourceTree = "<group>"; };
/* End PBXFileReference section */

/* Begin PBXFrameworksBuildPhase section */
		125054A61CCE88C3001DEE7B /* Frameworks */ = {
			isa = PBXFrameworksBuildPhase;
			buildActionMask = 2147483647;
			files = (
			);
			runOnlyForDeploymentPostprocessing = 0;
		};
		125054BA1CCE88C3001DEE7B /* Frameworks */ = {
			isa = PBXFrameworksBuildPhase;
			buildActionMask = 2147483647;
			files = (
			);
			runOnlyForDeploymentPostprocessing = 0;
		};
		125054C51CCE88C3001DEE7B /* Frameworks */ = {
			isa = PBXFrameworksBuildPhase;
			buildActionMask = 2147483647;
			files = (
			);
			runOnlyForDeploymentPostprocessing = 0;
		};
/* End PBXFrameworksBuildPhase section */

/* Begin PBXGroup section */
		125054A01CCE88C3001DEE7B = {
			isa = PBXGroup;
			children = (
				125054AB1CCE88C3001DEE7B /* GitHub3 */,
				125054C01CCE88C3001DEE7B /* GitHub3Tests */,
				125054CB1CCE88C3001DEE7B /* GitHub3UITests */,
				125054AA1CCE88C3001DEE7B /* Products */,
			);
			sourceTree = "<group>";
		};
		125054AA1CCE88C3001DEE7B /* Products */ = {
			isa = PBXGroup;
			children = (
				125054A91CCE88C3001DEE7B /* GitHub3.app */,
				125054BD1CCE88C3001DEE7B /* GitHub3Tests.xctest */,
				125054C81CCE88C3001DEE7B /* GitHub3UITests.xctest */,
			);
			name = Products;
			sourceTree = "<group>";
		};
		125054AB1CCE88C3001DEE7B /* GitHub3 */ = {
			isa = PBXGroup;
			children = (
				125054AC1CCE88C3001DEE7B /* AppDelegate.swift */,
				125054AE1CCE88C3001DEE7B /* ViewController.swift */,
				125054B01CCE88C3001DEE7B /* Main.storyboard */,
				125054B31CCE88C3001DEE7B /* Assets.xcassets */,
				125054B51CCE88C3001DEE7B /* LaunchScreen.storyboard */,
				125054B81CCE88C3001DEE7B /* Info.plist */,
			);
			path = GitHub3;
			sourceTree = "<group>";
		};
		125054C01CCE88C3001DEE7B /* GitHub3Tests */ = {
			isa = PBXGroup;
			children = (
				125054C11CCE88C3001DEE7B /* GitHub3Tests.swift */,
				125054C31CCE88C3001DEE7B /* Info.plist */,
			);
			path = GitHub3Tests;
			sourceTree = "<group>";
		};
		125054CB1CCE88C3001DEE7B /* GitHub3UITests */ = {
			isa = PBXGroup;
			children = (
				125054CC1CCE88C3001DEE7B /* GitHub3UITests.swift */,
				125054CE1CCE88C3001DEE7B /* Info.plist */,
			);
			path = GitHub3UITests;
			sourceTree = "<group>";
		};
/* End PBXGroup section */

/* Begin PBXNativeTarget section */
		125054A81CCE88C3001DEE7B /* GitHub3 */ = {
			isa = PBXNativeTarget;
			buildConfigurationList = 125054D11CCE88C3001DEE7B /* Build configuration list for PBXNativeTarget "GitHub3" */;
			buildPhases = (
				125054A51CCE88C3001DEE7B /* Sources */,
				125054A61CCE88C3001DEE7B /* Frameworks */,
				125054A71CCE88C3001DEE7B /* Resources */,
			);
			buildRules = (
			);
			dependencies = (
			);
			name = GitHub3;
			productName = GitHub3;
			productReference = 125054A91CCE88C3001DEE7B /* GitHub3.app */;
			productType = "com.apple.product-type.application";
		};
		125054BC1CCE88C3001DEE7B /* GitHub3Tests */ = {
			isa = PBXNativeTarget;
			buildConfigurationList = 125054D41CCE88C3001DEE7B /* Build configuration list for PBXNativeTarget "GitHub3Tests" */;
			buildPhases = (
				125054B91CCE88C3001DEE7B /* Sources */,
				125054BA1CCE88C3001DEE7B /* Frameworks */,
				125054BB1CCE88C3001DEE7B /* Resources */,
			);
			buildRules = (
			);
			dependencies = (
				125054BF1CCE88C3001DEE7B /* PBXTargetDependency */,
			);
			name = GitHub3Tests;
			productName = GitHub3Tests;
			productReference = 125054BD1CCE88C3001DEE7B /* GitHub3Tests.xctest */;
			productType = "com.apple.product-type.bundle.unit-test";
		};
		125054C71CCE88C3001DEE7B /* GitHub3UITests */ = {
			isa = PBXNativeTarget;
			buildConfigurationList = 125054D71CCE88C3001DEE7B /* Build configuration list for PBXNativeTarget "GitHub3UITests" */;
			buildPhases = (
				125054C41CCE88C3001DEE7B /* Sources */,
				125054C51CCE88C3001DEE7B /* Frameworks */,
				125054C61CCE88C3001DEE7B /* Resources */,
			);
			buildRules = (
			);
			dependencies = (
				125054CA1CCE88C3001DEE7B /* PBXTargetDependency */,
			);
			name = GitHub3UITests;
			productName = GitHub3UITests;
			productReference = 125054C81CCE88C3001DEE7B /* GitHub3UITests.xctest */;
			productType = "com.apple.product-type.bundle.ui-testing";
		};
/* End PBXNativeTarget section */

/* Begin PBXProject section */
		125054A11CCE88C3001DEE7B /* Project object */ = {
			isa = PBXProject;
			attributes = {
				LastSwiftUpdateCheck = 0730;
				LastUpgradeCheck = 0730;
				ORGANIZATIONNAME = LNL;
				TargetAttributes = {
					125054A81CCE88C3001DEE7B = {
						CreatedOnToolsVersion = 7.3;
					};
					125054BC1CCE88C3001DEE7B = {
						CreatedOnToolsVersion = 7.3;
						TestTargetID = 125054A81CCE88C3001DEE7B;
					};
					125054C71CCE88C3001DEE7B = {
						CreatedOnToolsVersion = 7.3;
						TestTargetID = 125054A81CCE88C3001DEE7B;
					};
				};
			};
			buildConfigurationList = 125054A41CCE88C3001DEE7B /* Build configuration list for PBXProject "GitHub3" */;
			compatibilityVersion = "Xcode 3.2";
			developmentRegion = English;
			hasScannedForEncodings = 0;
			knownRegions = (
				en,
				Base,
			);
			mainGroup = 125054A01CCE88C3001DEE7B;
			productRefGroup = 125054AA1CCE88C3001DEE7B /* Products */;
			projectDirPath = "";
			projectRoot = "";
			targets = (
				125054A81CCE88C3001DEE7B /* GitHub3 */,
				125054BC1CCE88C3001DEE7B /* GitHub3Tests */,
				125054C71CCE88C3001DEE7B /* GitHub3UITests */,
			);
		};
/* End PBXProject section */

/* Begin PBXResourcesBuildPhase section */
		125054A71CCE88C3001DEE7B /* Resources */ = {
			isa = PBXResourcesBuildPhase;
			buildActionMask = 2147483647;
			files = (
				125054B71CCE88C3001DEE7B /* LaunchScreen.storyboard in Resources */,
				125054B41CCE88C3001DEE7B /* Assets.xcassets in Resources */,
				125054B21CCE88C3001DEE7B /* Main.storyboard in Resources */,
			);
			runOnlyForDeploymentPostprocessing = 0;
		};
		125054BB1CCE88C3001DEE7B /* Resources */ = {
			isa = PBXResourcesBuildPhase;
			buildActionMask = 2147483647;
			files = (
			);
			runOnlyForDeploymentPostprocessing = 0;
		};
		125054C61CCE88C3001DEE7B /* Resources */ = {
			isa = PBXResourcesBuildPhase;
			buildActionMask = 2147483647;
			files = (
			);
			runOnlyForDeploymentPostprocessing = 0;
		};
/* End PBXResourcesBuildPhase section */

/* Begin PBXSourcesBuildPhase section */
		125054A51CCE88C3001DEE7B /* Sources */ = {
			isa = PBXSourcesBuildPhase;
			buildActionMask = 2147483647;
			files = (
				125054AF1CCE88C3001DEE7B /* ViewController.swift in Sources */,
				125054AD1CCE88C3001DEE7B /* AppDelegate.swift in Sources */,
			);
			runOnlyForDeploymentPostprocessing = 0;
		};
		125054B91CCE88C3001DEE7B /* Sources */ = {
			isa = PBXSourcesBuildPhase;
			buildActionMask = 2147483647;
			files = (
				125054C21CCE88C3001DEE7B /* GitHub3Tests.swift in Sources */,
			);
			runOnlyForDeploymentPostprocessing = 0;
		};
		125054C41CCE88C3001DEE7B /* Sources */ = {
			isa = PBXSourcesBuildPhase;
			buildActionMask = 2147483647;
			files = (
				125054CD1CCE88C3001DEE7B /* GitHub3UITests.swift in Sources */,
			);
			runOnlyForDeploymentPostprocessing = 0;
		};
/* End PBXSourcesBuildPhase section */

/* Begin PBXTargetDependency section */
		125054BF1CCE88C3001DEE7B /* PBXTargetDependency */ = {
			isa = PBXTargetDependency;
			target = 125054A81CCE88C3001DEE7B /* GitHub3 */;
			targetProxy = 125054BE1CCE88C3001DEE7B /* PBXContainerItemProxy */;
		};
		125054CA1CCE88C3001DEE7B /* PBXTargetDependency */ = {
			isa = PBXTargetDependency;
			target = 125054A81CCE88C3001DEE7B /* GitHub3 */;
			targetProxy = 125054C91CCE88C3001DEE7B /* PBXContainerItemProxy */;
		};
/* End PBXTargetDependency section */

/* Begin PBXVariantGroup section */
		125054B01CCE88C3001DEE7B /* Main.storyboard */ = {
			isa = PBXVariantGroup;
			children = (
				125054B11CCE88C3001DEE7B /* Base */,
			);
			name = Main.storyboard;
			sourceTree = "<group>";
		};
		125054B51CCE88C3001DEE7B /* LaunchScreen.storyboard */ = {
			isa = PBXVariantGroup;
			children = (
				125054B61CCE88C3001DEE7B /* Base */,
			);
			name = LaunchScreen.storyboard;
			sourceTree = "<group>";
		};
/* End PBXVariantGroup section */

/* Begin XCBuildConfiguration section */
		125054CF1CCE88C3001DEE7B /* Debug */ = {
			isa = XCBuildConfiguration;
			buildSettings = {
				ALWAYS_SEARCH_USER_PATHS = NO;
				CLANG_ANALYZER_NONNULL = YES;
				CLANG_CXX_LANGUAGE_STANDARD = "gnu++0x";
				CLANG_CXX_LIBRARY = "libc++";
				CLANG_ENABLE_MODULES = YES;
				CLANG_ENABLE_OBJC_ARC = YES;
				CLANG_WARN_BOOL_CONVERSION = YES;
				CLANG_WARN_CONSTANT_CONVERSION = YES;
				CLANG_WARN_DIRECT_OBJC_ISA_USAGE = YES_ERROR;
				CLANG_WARN_EMPTY_BODY = YES;
				CLANG_WARN_ENUM_CONVERSION = YES;
				CLANG_WARN_INT_CONVERSION = YES;
				CLANG_WARN_OBJC_ROOT_CLASS = YES_ERROR;
				CLANG_WARN_UNREACHABLE_CODE = YES;
				CLANG_WARN__DUPLICATE_METHOD_MATCH = YES;
				"CODE_SIGN_IDENTITY[sdk=iphoneos*]" = "iPhone Developer";
				COPY_PHASE_STRIP = NO;
				DEBUG_INFORMATION_FORMAT = dwarf;
				ENABLE_STRICT_OBJC_MSGSEND = YES;
				ENABLE_TESTABILITY = YES;
				GCC_C_LANGUAGE_STANDARD = gnu99;
				GCC_DYNAMIC_NO_PIC = NO;
				GCC_NO_COMMON_BLOCKS = YES;
				GCC_OPTIMIZATION_LEVEL = 0;
				GCC_PREPROCESSOR_DEFINITIONS = (
					"DEBUG=1",
					"$(inherited)",
				);
				GCC_WARN_64_TO_32_BIT_CONVERSION = YES;
				GCC_WARN_ABOUT_RETURN_TYPE = YES_ERROR;
				GCC_WARN_UNDECLARED_SELECTOR = YES;
				GCC_WARN_UNINITIALIZED_AUTOS = YES_AGGRESSIVE;
				GCC_WARN_UNUSED_FUNCTION = YES;
				GCC_WARN_UNUSED_VARIABLE = YES;
				IPHONEOS_DEPLOYMENT_TARGET = 9.3;
				MTL_ENABLE_DEBUG_INFO = YES;
				ONLY_ACTIVE_ARCH = YES;
				SDKROOT = iphoneos;
				SWIFT_OPTIMIZATION_LEVEL = "-Onone";
			};
			name = Debug;
		};
		125054D01CCE88C3001DEE7B /* Release */ = {
			isa = XCBuildConfiguration;
			buildSettings = {
				ALWAYS_SEARCH_USER_PATHS = NO;
				CLANG_ANALYZER_NONNULL = YES;
				CLANG_CXX_LANGUAGE_STANDARD = "gnu++0x";
				CLANG_CXX_LIBRARY = "libc++";
				CLANG_ENABLE_MODULES = YES;
				CLANG_ENABLE_OBJC_ARC = YES;
				CLANG_WARN_BOOL_CONVERSION = YES;
				CLANG_WARN_CONSTANT_CONVERSION = YES;
				CLANG_WARN_DIRECT_OBJC_ISA_USAGE = YES_ERROR;
				CLANG_WARN_EMPTY_BODY = YES;
				CLANG_WARN_ENUM_CONVERSION = YES;
				CLANG_WARN_INT_CONVERSION = YES;
				CLANG_WARN_OBJC_ROOT_CLASS = YES_ERROR;
				CLANG_WARN_UNREACHABLE_CODE = YES;
				CLANG_WARN__DUPLICATE_METHOD_MATCH = YES;
				"CODE_SIGN_IDENTITY[sdk=iphoneos*]" = "iPhone Developer";
				COPY_PHASE_STRIP = NO;
				DEBUG_INFORMATION_FORMAT = "dwarf-with-dsym";
				ENABLE_NS_ASSERTIONS = NO;
				ENABLE_STRICT_OBJC_MSGSEND = YES;
				GCC_C_LANGUAGE_STANDARD = gnu99;
				GCC_NO_COMMON_BLOCKS = YES;
				GCC_WARN_64_TO_32_BIT_CONVERSION = YES;
				GCC_WARN_ABOUT_RETURN_TYPE = YES_ERROR;
				GCC_WARN_UNDECLARED_SELECTOR = YES;
				GCC_WARN_UNINITIALIZED_AUTOS = YES_AGGRESSIVE;
				GCC_WARN_UNUSED_FUNCTION = YES;
				GCC_WARN_UNUSED_VARIABLE = YES;
				IPHONEOS_DEPLOYMENT_TARGET = 9.3;
				MTL_ENABLE_DEBUG_INFO = NO;
				SDKROOT = iphoneos;
				VALIDATE_PRODUCT = YES;
			};
			name = Release;
		};
		125054D21CCE88C3001DEE7B /* Debug */ = {
			isa = XCBuildConfiguration;
			buildSettings = {
				ASSETCATALOG_COMPILER_APPICON_NAME = AppIcon;
				INFOPLIST_FILE = GitHub3/Info.plist;
				LD_RUNPATH_SEARCH_PATHS = "$(inherited) @executable_path/Frameworks";
				PRODUCT_BUNDLE_IDENTIFIER = com.lnl.GitHub3;
				PRODUCT_NAME = "$(TARGET_NAME)";
			};
			name = Debug;
		};
		125054D31CCE88C3001DEE7B /* Release */ = {
			isa = XCBuildConfiguration;
			buildSettings = {
				ASSETCATALOG_COMPILER_APPICON_NAME = AppIcon;
				INFOPLIST_FILE = GitHub3/Info.plist;
				LD_RUNPATH_SEARCH_PATHS = "$(inherited) @executable_path/Frameworks";
				PRODUCT_BUNDLE_IDENTIFIER = com.lnl.GitHub3;
				PRODUCT_NAME = "$(TARGET_NAME)";
			};
			name = Release;
		};
		125054D51CCE88C3001DEE7B /* Debug */ = {
			isa = XCBuildConfiguration;
			buildSettings = {
				BUNDLE_LOADER = "$(TEST_HOST)";
				INFOPLIST_FILE = GitHub3Tests/Info.plist;
				LD_RUNPATH_SEARCH_PATHS = "$(inherited) @executable_path/Frameworks @loader_path/Frameworks";
				PRODUCT_BUNDLE_IDENTIFIER = com.lnl.GitHub3Tests;
				PRODUCT_NAME = "$(TARGET_NAME)";
				TEST_HOST = "$(BUILT_PRODUCTS_DIR)/GitHub3.app/GitHub3";
			};
			name = Debug;
		};
		125054D61CCE88C3001DEE7B /* Release */ = {
			isa = XCBuildConfiguration;
			buildSettings = {
				BUNDLE_LOADER = "$(TEST_HOST)";
				INFOPLIST_FILE = GitHub3Tests/Info.plist;
				LD_RUNPATH_SEARCH_PATHS = "$(inherited) @executable_path/Frameworks @loader_path/Frameworks";
				PRODUCT_BUNDLE_IDENTIFIER = com.lnl.GitHub3Tests;
				PRODUCT_NAME = "$(TARGET_NAME)";
				TEST_HOST = "$(BUILT_PRODUCTS_DIR)/GitHub3.app/GitHub3";
			};
			name = Release;
		};
		125054D81CCE88C3001DEE7B /* Debug */ = {
			isa = XCBuildConfiguration;
			buildSettings = {
				INFOPLIST_FILE = GitHub3UITests/Info.plist;
				LD_RUNPATH_SEARCH_PATHS = "$(inherited) @executable_path/Frameworks @loader_path/Frameworks";
				PRODUCT_BUNDLE_IDENTIFIER = com.lnl.GitHub3UITests;
				PRODUCT_NAME = "$(TARGET_NAME)";
				TEST_TARGET_NAME = GitHub3;
			};
			name = Debug;
		};
		125054D91CCE88C3001DEE7B /* Release */ = {
			isa = XCBuildConfiguration;
			buildSettings = {
				INFOPLIST_FILE = GitHub3UITests/Info.plist;
				LD_RUNPATH_SEARCH_PATHS = "$(inherited) @executable_path/Frameworks @loader_path/Frameworks";
				PRODUCT_BUNDLE_IDENTIFIER = com.lnl.GitHub3UITests;
				PRODUCT_NAME = "$(TARGET_NAME)";
				TEST_TARGET_NAME = GitHub3;
			};
			name = Release;
		};
/* End XCBuildConfiguration section */

/* Begin XCConfigurationList section */
		125054A41CCE88C3001DEE7B /* Build configuration list for PBXProject "GitHub3" */ = {
			isa = XCConfigurationList;
			buildConfigurations = (
				125054CF1CCE88C3001DEE7B /* Debug */,
				125054D01CCE88C3001DEE7B /* Release */,
			);
			defaultConfigurationIsVisible = 0;
			defaultConfigurationName = Release;
		};
		125054D11CCE88C3001DEE7B /* Build configuration list for PBXNativeTarget "GitHub3" */ = {
			isa = XCConfigurationList;
			buildConfigurations = (
				125054D21CCE88C3001DEE7B /* Debug */,
				125054D31CCE88C3001DEE7B /* Release */,
			);
			defaultConfigurationIsVisible = 0;
		};
		125054D41CCE88C3001DEE7B /* Build configuration list for PBXNativeTarget "GitHub3Tests" */ = {
			isa = XCConfigurationList;
			buildConfigurations = (
				125054D51CCE88C3001DEE7B /* Debug */,
				125054D61CCE88C3001DEE7B /* Release */,
			);
			defaultConfigurationIsVisible = 0;
		};
		125054D71CCE88C3001DEE7B /* Build configuration list for PBXNativeTarget "GitHub3UITests" */ = {
			isa = XCConfigurationList;
			buildConfigurations = (
				125054D81CCE88C3001DEE7B /* Debug */,
				125054D91CCE88C3001DEE7B /* Release */,
			);
			defaultConfigurationIsVisible = 0;
		};
/* End XCConfigurationList section */
	};
	rootObject = 125054A11CCE88C3001DEE7B /* Project object */;
}
